
Microsoft Visual Studio Solution File, Format Version 12.00
# Visual Studio 15
VisualStudioVersion = 15.0.28307.102
MinimumVisualStudioVersion = 10.0.40219.1
Project("{FAE04EC0-301F-11D3-BF4B-00C04F79EFBC}") = "MyWeatherApp.Android", "MyWeatherApp\MyWeatherApp.Android\MyWeatherApp.Android.csproj", "{0A56BC91-DCA3-4ABD-8E26-3F29DC815FFB}"
EndProject
Project("{FAE04EC0-301F-11D3-BF4B-00C04F79EFBC}") = "MyWeatherApp.iOS", "MyWeatherApp\MyWeatherApp.iOS\MyWeatherApp.iOS.csproj", "{085D90D5-4461-490F-B511-89670C4039AE}"
EndProject
Project("{9A19103F-16F7-4668-BE54-9A1E7A4F7556}") = "MyWeatherApp", "MyWeatherApp\MyWeatherApp\MyWeatherApp.csproj", "{0C0A3869-D076-46FE-B5D9-27187CBCC663}"
EndProject
Project("{9A19103F-16F7-4668-BE54-9A1E7A4F7556}") = "MyWeatherApp.Models", "MyWeatherApp.Models\MyWeatherApp.Models.csproj", "{8F9D9556-F06E-492D-8E59-36EB6EBFC4D2}"
EndProject
Project("{9A19103F-16F7-4668-BE54-9A1E7A4F7556}") = "MyWeatherApp.Repository", "MyWeatherApp.Repository\MyWeatherApp.Repository.csproj", "{5CF2C33F-B00C-4F48-92E6-8C028F9984C6}"
EndProject
Global
	GlobalSection(SolutionConfigurationPlatforms) = preSolution
		Ad-Hoc|Any CPU = Ad-Hoc|Any CPU
		Ad-Hoc|iPhone = Ad-Hoc|iPhone
		Ad-Hoc|iPhoneSimulator = Ad-Hoc|iPhoneSimulator
		AppStore|Any CPU = AppStore|Any CPU
		AppStore|iPhone = AppStore|iPhone
		AppStore|iPhoneSimulator = AppStore|iPhoneSimulator
		Debug|Any CPU = Debug|Any CPU
		Debug|iPhone = Debug|iPhone
		Debug|iPhoneSimulator = Debug|iPhoneSimulator
		Release|Any CPU = Release|Any CPU
		Release|iPhone = Release|iPhone
		Release|iPhoneSimulator = Release|iPhoneSimulator
	EndGlobalSection
	GlobalSection(ProjectConfigurationPlatforms) = postSolution
		{0A56BC91-DCA3-4ABD-8E26-3F29DC815FFB}.Ad-Hoc|Any CPU.ActiveCfg = Release|Any CPU
		{0A56BC91-DCA3-4ABD-8E26-3F29DC815FFB}.Ad-Hoc|Any CPU.Build.0 = Release|Any CPU
		{0A56BC91-DCA3-4ABD-8E26-3F29DC815FFB}.Ad-Hoc|Any CPU.Deploy.0 = Release|Any CPU
		{0A56BC91-DCA3-4ABD-8E26-3F29DC815FFB}.Ad-Hoc|iPhone.ActiveCfg = Release|Any CPU
		{0A56BC91-DCA3-4ABD-8E26-3F29DC815FFB}.Ad-Hoc|iPhone.Build.0 = Release|Any CPU
		{0A56BC91-DCA3-4ABD-8E26-3F29DC815FFB}.Ad-Hoc|iPhone.Deploy.0 = Release|Any CPU
		{0A56BC91-DCA3-4ABD-8E26-3F29DC815FFB}.Ad-Hoc|iPhoneSimulator.ActiveCfg = Release|Any CPU
		{0A56BC91-DCA3-4ABD-8E26-3F29DC815FFB}.Ad-Hoc|iPhoneSimulator.Build.0 = Release|Any CPU
		{0A56BC91-DCA3-4ABD-8E26-3F29DC815FFB}.Ad-Hoc|iPhoneSimulator.Deploy.0 = Release|Any CPU
		{0A56BC91-DCA3-4ABD-8E26-3F29DC815FFB}.AppStore|Any CPU.ActiveCfg = Release|Any CPU
		{0A56BC91-DCA3-4ABD-8E26-3F29DC815FFB}.AppStore|Any CPU.Build.0 = Release|Any CPU
		{0A56BC91-DCA3-4ABD-8E26-3F29DC815FFB}.AppStore|Any CPU.Deploy.0 = Release|Any CPU
		{0A56BC91-DCA3-4ABD-8E26-3F29DC815FFB}.AppStore|iPhone.ActiveCfg = Release|Any CPU
		{0A56BC91-DCA3-4ABD-8E26-3F29DC815FFB}.AppStore|iPhone.Build.0 = Release|Any CPU
		{0A56BC91-DCA3-4ABD-8E26-3F29DC815FFB}.AppStore|iPhone.Deploy.0 = Release|Any CPU
		{0A56BC91-DCA3-4ABD-8E26-3F29DC815FFB}.AppStore|iPhoneSimulator.ActiveCfg = Release|Any CPU
		{0A56BC91-DCA3-4ABD-8E26-3F29DC815FFB}.AppStore|iPhoneSimulator.Build.0 = Release|Any CPU
		{0A56BC91-DCA3-4ABD-8E26-3F29DC815FFB}.AppStore|iPhoneSimulator.Deploy.0 = Release|Any CPU
		{0A56BC91-DCA3-4ABD-8E26-3F29DC815FFB}.Debug|Any CPU.ActiveCfg = Debug|Any CPU
		{0A56BC91-DCA3-4ABD-8E26-3F29DC815FFB}.Debug|Any CPU.Build.0 = Debug|Any CPU
		{0A56BC91-DCA3-4ABD-8E26-3F29DC815FFB}.Debug|Any CPU.Deploy.0 = Debug|Any CPU
		{0A56BC91-DCA3-4ABD-8E26-3F29DC815FFB}.Debug|iPhone.ActiveCfg = Debug|Any CPU
		{0A56BC91-DCA3-4ABD-8E26-3F29DC815FFB}.Debug|iPhone.Build.0 = Debug|Any CPU
		{0A56BC91-DCA3-4ABD-8E26-3F29DC815FFB}.Debug|iPhone.Deploy.0 = Debug|Any CPU
		{0A56BC91-DCA3-4ABD-8E26-3F29DC815FFB}.Debug|iPhoneSimulator.ActiveCfg = Debug|Any CPU
		{0A56BC91-DCA3-4ABD-8E26-3F29DC815FFB}.Debug|iPhoneSimulator.Build.0 = Debug|Any CPU
		{0A56BC91-DCA3-4ABD-8E26-3F29DC815FFB}.Debug|iPhoneSimulator.Deploy.0 = Debug|Any CPU
		{0A56BC91-DCA3-4ABD-8E26-3F29DC815FFB}.Release|Any CPU.ActiveCfg = Release|Any CPU
		{0A56BC91-DCA3-4ABD-8E26-3F29DC815FFB}.Release|Any CPU.Build.0 = Release|Any CPU
		{0A56BC91-DCA3-4ABD-8E26-3F29DC815FFB}.Release|Any CPU.Deploy.0 = Release|Any CPU
		{0A56BC91-DCA3-4ABD-8E26-3F29DC815FFB}.Release|iPhone.ActiveCfg = Release|Any CPU
		{0A56BC91-DCA3-4ABD-8E26-3F29DC815FFB}.Release|iPhone.Build.0 = Release|Any CPU
		{0A56BC91-DCA3-4ABD-8E26-3F29DC815FFB}.Release|iPhone.Deploy.0 = Release|Any CPU
		{0A56BC91-DCA3-4ABD-8E26-3F29DC815FFB}.Release|iPhoneSimulator.ActiveCfg = Release|Any CPU
		{0A56BC91-DCA3-4ABD-8E26-3F29DC815FFB}.Release|iPhoneSimulator.Build.0 = Release|Any CPU
		{0A56BC91-DCA3-4ABD-8E26-3F29DC815FFB}.Release|iPhoneSimulator.Deploy.0 = Release|Any CPU
		{085D90D5-4461-490F-B511-89670C4039AE}.Ad-Hoc|Any CPU.ActiveCfg = Ad-Hoc|iPhone
		{085D90D5-4461-490F-B511-89670C4039AE}.Ad-Hoc|Any CPU.Build.0 = Ad-Hoc|iPhone
		{085D90D5-4461-490F-B511-89670C4039AE}.Ad-Hoc|Any CPU.Deploy.0 = Ad-Hoc|iPhone
		{085D90D5-4461-490F-B511-89670C4039AE}.Ad-Hoc|iPhone.ActiveCfg = Ad-Hoc|iPhone
		{085D90D5-4461-490F-B511-89670C4039AE}.Ad-Hoc|iPhone.Build.0 = Ad-Hoc|iPhone
		{085D90D5-4461-490F-B511-89670C4039AE}.Ad-Hoc|iPhone.Deploy.0 = Ad-Hoc|iPhone
		{085D90D5-4461-490F-B511-89670C4039AE}.Ad-Hoc|iPhoneSimulator.ActiveCfg = Ad-Hoc|iPhoneSimulator
		{085D90D5-4461-490F-B511-89670C4039AE}.Ad-Hoc|iPhoneSimulator.Build.0 = Ad-Hoc|iPhoneSimulator
		{085D90D5-4461-490F-B511-89670C4039AE}.Ad-Hoc|iPhoneSimulator.Deploy.0 = Ad-Hoc|iPhoneSimulator
		{085D90D5-4461-490F-B511-89670C4039AE}.AppStore|Any CPU.ActiveCfg = AppStore|iPhone
		{085D90D5-4461-490F-B511-89670C4039AE}.AppStore|Any CPU.Build.0 = AppStore|iPhone
		{085D90D5-4461-490F-B511-89670C4039AE}.AppStore|Any CPU.Deploy.0 = AppStore|iPhone
		{085D90D5-4461-490F-B511-89670C4039AE}.AppStore|iPhone.ActiveCfg = AppStore|iPhone
		{085D90D5-4461-490F-B511-89670C4039AE}.AppStore|iPhone.Build.0 = AppStore|iPhone
		{085D90D5-4461-490F-B511-89670C4039AE}.AppStore|iPhone.Deploy.0 = AppStore|iPhone
		{085D90D5-4461-490F-B511-89670C4039AE}.AppStore|iPhoneSimulator.ActiveCfg = AppStore|iPhoneSimulator
		{085D90D5-4461-490F-B511-89670C4039AE}.AppStore|iPhoneSimulator.Build.0 = AppStore|iPhoneSimulator
		{085D90D5-4461-490F-B511-89670C4039AE}.AppStore|iPhoneSimulator.Deploy.0 = AppStore|iPhoneSimulator
		{085D90D5-4461-490F-B511-89670C4039AE}.Debug|Any CPU.ActiveCfg = Debug|iPhoneSimulator
		{085D90D5-4461-490F-B511-89670C4039AE}.Debug|Any CPU.Build.0 = Debug|iPhoneSimulator
		{085D90D5-4461-490F-B511-89670C4039AE}.Debug|Any CPU.Deploy.0 = Debug|iPhoneSimulator
		{085D90D5-4461-490F-B511-89670C4039AE}.Debug|iPhone.ActiveCfg = Debug|iPhone
		{085D90D5-4461-490F-B511-89670C4039AE}.Debug|iPhone.Build.0 = Debug|iPhone
		{085D90D5-4461-490F-B511-89670C4039AE}.Debug|iPhone.Deploy.0 = Debug|iPhone
		{085D90D5-4461-490F-B511-89670C4039AE}.Debug|iPhoneSimulator.ActiveCfg = Debug|iPhoneSimulator
		{085D90D5-4461-490F-B511-89670C4039AE}.Debug|iPhoneSimulator.Build.0 = Debug|iPhoneSimulator
		{085D90D5-4461-490F-B511-89670C4039AE}.Debug|iPhoneSimulator.Deploy.0 = Debug|iPhoneSimulator
		{085D90D5-4461-490F-B511-89670C4039AE}.Release|Any CPU.ActiveCfg = Release|iPhone
		{085D90D5-4461-490F-B511-89670C4039AE}.Release|Any CPU.Build.0 = Release|iPhone
		{085D90D5-4461-490F-B511-89670C4039AE}.Release|Any CPU.Deploy.0 = Release|iPhone
		{085D90D5-4461-490F-B511-89670C4039AE}.Release|iPhone.ActiveCfg = Release|iPhone
		{085D90D5-4461-490F-B511-89670C4039AE}.Release|iPhone.Build.0 = Release|iPhone
		{085D90D5-4461-490F-B511-89670C4039AE}.Release|iPhone.Deploy.0 = Release|iPhone
		{085D90D5-4461-490F-B511-89670C4039AE}.Release|iPhoneSimulator.ActiveCfg = Release|iPhoneSimulator
		{085D90D5-4461-490F-B511-89670C4039AE}.Release|iPhoneSimulator.Build.0 = Release|iPhoneSimulator
		{085D90D5-4461-490F-B511-89670C4039AE}.Release|iPhoneSimulator.Deploy.0 = Release|iPhoneSimulator
		{0C0A3869-D076-46FE-B5D9-27187CBCC663}.Ad-Hoc|Any CPU.ActiveCfg = Debug|Any CPU
		{0C0A3869-D076-46FE-B5D9-27187CBCC663}.Ad-Hoc|Any CPU.Build.0 = Debug|Any CPU
		{0C0A3869-D076-46FE-B5D9-27187CBCC663}.Ad-Hoc|Any CPU.Deploy.0 = Debug|Any CPU
		{0C0A3869-D076-46FE-B5D9-27187CBCC663}.Ad-Hoc|iPhone.ActiveCfg = Debug|Any CPU
		{0C0A3869-D076-46FE-B5D9-27187CBCC663}.Ad-Hoc|iPhone.Build.0 = Debug|Any CPU
		{0C0A3869-D076-46FE-B5D9-27187CBCC663}.Ad-Hoc|iPhone.Deploy.0 = Debug|Any CPU
		{0C0A3869-D076-46FE-B5D9-27187CBCC663}.Ad-Hoc|iPhoneSimulator.ActiveCfg = Debug|Any CPU
		{0C0A3869-D076-46FE-B5D9-27187CBCC663}.Ad-Hoc|iPhoneSimulator.Build.0 = Debug|Any CPU
		{0C0A3869-D076-46FE-B5D9-27187CBCC663}.Ad-Hoc|iPhoneSimulator.Deploy.0 = Debug|Any CPU
		{0C0A3869-D076-46FE-B5D9-27187CBCC663}.AppStore|Any CPU.ActiveCfg = Debug|Any CPU
		{0C0A3869-D076-46FE-B5D9-27187CBCC663}.AppStore|Any CPU.Build.0 = Debug|Any CPU
		{0C0A3869-D076-46FE-B5D9-27187CBCC663}.AppStore|Any CPU.Deploy.0 = Debug|Any CPU
		{0C0A3869-D076-46FE-B5D9-27187CBCC663}.AppStore|iPhone.ActiveCfg = Debug|Any CPU
		{0C0A3869-D076-46FE-B5D9-27187CBCC663}.AppStore|iPhone.Build.0 = Debug|Any CPU
		{0C0A3869-D076-46FE-B5D9-27187CBCC663}.AppStore|iPhone.Deploy.0 = Debug|Any CPU
		{0C0A3869-D076-46FE-B5D9-27187CBCC663}.AppStore|iPhoneSimulator.ActiveCfg = Debug|Any CPU
		{0C0A3869-D076-46FE-B5D9-27187CBCC663}.AppStore|iPhoneSimulator.Build.0 = Debug|Any CPU
		{0C0A3869-D076-46FE-B5D9-27187CBCC663}.AppStore|iPhoneSimulator.Deploy.0 = Debug|Any CPU
		{0C0A3869-D076-46FE-B5D9-27187CBCC663}.Debug|Any CPU.ActiveCfg = Debug|Any CPU
		{0C0A3869-D076-46FE-B5D9-27187CBCC663}.Debug|Any CPU.Build.0 = Debug|Any CPU
		{0C0A3869-D076-46FE-B5D9-27187CBCC663}.Debug|Any CPU.Deploy.0 = Debug|Any CPU
		{0C0A3869-D076-46FE-B5D9-27187CBCC663}.Debug|iPhone.ActiveCfg = Debug|Any CPU
		{0C0A3869-D076-46FE-B5D9-27187CBCC663}.Debug|iPhone.Build.0 = Debug|Any CPU
		{0C0A3869-D076-46FE-B5D9-27187CBCC663}.Debug|iPhone.Deploy.0 = Debug|Any CPU
		{0C0A3869-D076-46FE-B5D9-27187CBCC663}.Debug|iPhoneSimulator.ActiveCfg = Debug|Any CPU
		{0C0A3869-D076-46FE-B5D9-27187CBCC663}.Debug|iPhoneSimulator.Build.0 = Debug|Any CPU
		{0C0A3869-D076-46FE-B5D9-27187CBCC663}.Debug|iPhoneSimulator.Deploy.0 = Debug|Any CPU
		{0C0A3869-D076-46FE-B5D9-27187CBCC663}.Release|Any CPU.ActiveCfg = Release|Any CPU
		{0C0A3869-D076-46FE-B5D9-27187CBCC663}.Release|Any CPU.Build.0 = Release|Any CPU
		{0C0A3869-D076-46FE-B5D9-27187CBCC663}.Release|Any CPU.Deploy.0 = Release|Any CPU
		{0C0A3869-D076-46FE-B5D9-27187CBCC663}.Release|iPhone.ActiveCfg = Release|Any CPU
		{0C0A3869-D076-46FE-B5D9-27187CBCC663}.Release|iPhone.Build.0 = Release|Any CPU
		{0C0A3869-D076-46FE-B5D9-27187CBCC663}.Release|iPhone.Deploy.0 = Release|Any CPU
		{0C0A3869-D076-46FE-B5D9-27187CBCC663}.Release|iPhoneSimulator.ActiveCfg = Release|Any CPU
		{0C0A3869-D076-46FE-B5D9-27187CBCC663}.Release|iPhoneSimulator.Build.0 = Release|Any CPU
		{0C0A3869-D076-46FE-B5D9-27187CBCC663}.Release|iPhoneSimulator.Deploy.0 = Release|Any CPU
		{8F9D9556-F06E-492D-8E59-36EB6EBFC4D2}.Ad-Hoc|Any CPU.ActiveCfg = Debug|Any CPU
		{8F9D9556-F06E-492D-8E59-36EB6EBFC4D2}.Ad-Hoc|Any CPU.Build.0 = Debug|Any CPU
		{8F9D9556-F06E-492D-8E59-36EB6EBFC4D2}.Ad-Hoc|iPhone.ActiveCfg = Debug|Any CPU
		{8F9D9556-F06E-492D-8E59-36EB6EBFC4D2}.Ad-Hoc|iPhone.Build.0 = Debug|Any CPU
		{8F9D9556-F06E-492D-8E59-36EB6EBFC4D2}.Ad-Hoc|iPhoneSimulator.ActiveCfg = Debug|Any CPU
		{8F9D9556-F06E-492D-8E59-36EB6EBFC4D2}.Ad-Hoc|iPhoneSimulator.Build.0 = Debug|Any CPU
		{8F9D9556-F06E-492D-8E59-36EB6EBFC4D2}.AppStore|Any CPU.ActiveCfg = Debug|Any CPU
		{8F9D9556-F06E-492D-8E59-36EB6EBFC4D2}.AppStore|Any CPU.Build.0 = Debug|Any CPU
		{8F9D9556-F06E-492D-8E59-36EB6EBFC4D2}.AppStore|iPhone.ActiveCfg = Debug|Any CPU
		{8F9D9556-F06E-492D-8E59-36EB6EBFC4D2}.AppStore|iPhone.Build.0 = Debug|Any CPU
		{8F9D9556-F06E-492D-8E59-36EB6EBFC4D2}.AppStore|iPhoneSimulator.ActiveCfg = Debug|Any CPU
		{8F9D9556-F06E-492D-8E59-36EB6EBFC4D2}.AppStore|iPhoneSimulator.Build.0 = Debug|Any CPU
		{8F9D9556-F06E-492D-8E59-36EB6EBFC4D2}.Debug|Any CPU.ActiveCfg = Debug|Any CPU
		{8F9D9556-F06E-492D-8E59-36EB6EBFC4D2}.Debug|Any CPU.Build.0 = Debug|Any CPU
		{8F9D9556-F06E-492D-8E59-36EB6EBFC4D2}.Debug|iPhone.ActiveCfg = Debug|Any CPU
		{8F9D9556-F06E-492D-8E59-36EB6EBFC4D2}.Debug|iPhone.Build.0 = Debug|Any CPU
		{8F9D9556-F06E-492D-8E59-36EB6EBFC4D2}.Debug|iPhoneSimulator.ActiveCfg = Debug|Any CPU
		{8F9D9556-F06E-492D-8E59-36EB6EBFC4D2}.Debug|iPhoneSimulator.Build.0 = Debug|Any CPU
		{8F9D9556-F06E-492D-8E59-36EB6EBFC4D2}.Release|Any CPU.ActiveCfg = Release|Any CPU
		{8F9D9556-F06E-492D-8E59-36EB6EBFC4D2}.Release|Any CPU.Build.0 = Release|Any CPU
		{8F9D9556-F06E-492D-8E59-36EB6EBFC4D2}.Release|iPhone.ActiveCfg = Release|Any CPU
		{8F9D9556-F06E-492D-8E59-36EB6EBFC4D2}.Release|iPhone.Build.0 = Release|Any CPU
		{8F9D9556-F06E-492D-8E59-36EB6EBFC4D2}.Release|iPhoneSimulator.ActiveCfg = Release|Any CPU
		{8F9D9556-F06E-492D-8E59-36EB6EBFC4D2}.Release|iPhoneSimulator.Build.0 = Release|Any CPU
		{5CF2C33F-B00C-4F48-92E6-8C028F9984C6}.Ad-Hoc|Any CPU.ActiveCfg = Debug|Any CPU
		{5CF2C33F-B00C-4F48-92E6-8C028F9984C6}.Ad-Hoc|Any CPU.Build.0 = Debug|Any CPU
		{5CF2C33F-B00C-4F48-92E6-8C028F9984C6}.Ad-Hoc|iPhone.ActiveCfg = Debug|Any CPU
		{5CF2C33F-B00C-4F48-92E6-8C028F9984C6}.Ad-Hoc|iPhone.Build.0 = Debug|Any CPU
		{5CF2C33F-B00C-4F48-92E6-8C028F9984C6}.Ad-Hoc|iPhoneSimulator.ActiveCfg = Debug|Any CPU
		{5CF2C33F-B00C-4F48-92E6-8C028F9984C6}.Ad-Hoc|iPhoneSimulator.Build.0 = Debug|Any CPU
		{5CF2C33F-B00C-4F48-92E6-8C028F9984C6}.AppStore|Any CPU.ActiveCfg = Debug|Any CPU
		{5CF2C33F-B00C-4F48-92E6-8C028F9984C6}.AppStore|Any CPU.Build.0 = Debug|Any CPU
		{5CF2C33F-B00C-4F48-92E6-8C028F9984C6}.AppStore|iPhone.ActiveCfg = Debug|Any CPU
		{5CF2C33F-B00C-4F48-92E6-8C028F9984C6}.AppStore|iPhone.Build.0 = Debug|Any CPU
		{5CF2C33F-B00C-4F48-92E6-8C028F9984C6}.AppStore|iPhoneSimulator.ActiveCfg = Debug|Any CPU
		{5CF2C33F-B00C-4F48-92E6-8C028F9984C6}.AppStore|iPhoneSimulator.Build.0 = Debug|Any CPU
		{5CF2C33F-B00C-4F48-92E6-8C028F9984C6}.Debug|Any CPU.ActiveCfg = Debug|Any CPU
		{5CF2C33F-B00C-4F48-92E6-8C028F9984C6}.Debug|Any CPU.Build.0 = Debug|Any CPU
		{5CF2C33F-B00C-4F48-92E6-8C028F9984C6}.Debug|iPhone.ActiveCfg = Debug|Any CPU
		{5CF2C33F-B00C-4F48-92E6-8C028F9984C6}.Debug|iPhone.Build.0 = Debug|Any CPU
		{5CF2C33F-B00C-4F48-92E6-8C028F9984C6}.Debug|iPhoneSimulator.ActiveCfg = Debug|Any CPU
		{5CF2C33F-B00C-4F48-92E6-8C028F9984C6}.Debug|iPhoneSimulator.Build.0 = Debug|Any CPU
		{5CF2C33F-B00C-4F48-92E6-8C028F9984C6}.Release|Any CPU.ActiveCfg = Release|Any CPU
		{5CF2C33F-B00C-4F48-92E6-8C028F9984C6}.Release|Any CPU.Build.0 = Release|Any CPU
		{5CF2C33F-B00C-4F48-92E6-8C028F9984C6}.Release|iPhone.ActiveCfg = Release|Any CPU
		{5CF2C33F-B00C-4F48-92E6-8C028F9984C6}.Release|iPhone.Build.0 = Release|Any CPU
		{5CF2C33F-B00C-4F48-92E6-8C028F9984C6}.Release|iPhoneSimulator.ActiveCfg = Release|Any CPU
		{5CF2C33F-B00C-4F48-92E6-8C028F9984C6}.Release|iPhoneSimulator.Build.0 = Release|Any CPU
	EndGlobalSection
	GlobalSection(SolutionProperties) = preSolution
		HideSolutionNode = FALSE
	EndGlobalSection
	GlobalSection(ExtensibilityGlobals) = postSolution
		SolutionGuid = {60285B69-AC90-45DE-8315-E7AA468CE5FA}
	EndGlobalSection
EndGlobal
